
Microsoft Visual Studio Solution File, Format Version 12.00
# Visual Studio Version 16
VisualStudioVersion = 25.0.1706.7
MinimumVisualStudioVersion = 10.0.40219.1
Project("{FAE04EC0-301F-11D3-BF4B-00C04F79EFBC}") = "StarWarsCharacters", "StarWarsCharacters\StarWarsCharacters.csproj", "{98988CC3-47B1-4B3D-9090-867F93E606FF}"
EndProject
Global
	GlobalSection(SolutionConfigurationPlatforms) = preSolution
		Debug|Any CPU = Debug|Any CPU
		Release|Any CPU = Release|Any CPU
	EndGlobalSection
	GlobalSection(ProjectConfigurationPlatforms) = postSolution
		{98988CC3-47B1-4B3D-9090-867F93E606FF}.Debug|Any CPU.ActiveCfg = Debug|Any CPU
		{98988CC3-47B1-4B3D-9090-867F93E606FF}.Debug|Any CPU.Build.0 = Debug|Any CPU
		{98988CC3-47B1-4B3D-9090-867F93E606FF}.Release|Any CPU.ActiveCfg = Release|Any CPU
		{98988CC3-47B1-4B3D-9090-867F93E606FF}.Release|Any CPU.Build.0 = Release|Any CPU
	EndGlobalSection
	GlobalSection(SolutionProperties) = preSolution
		HideSolutionNode = FALSE
	EndGlobalSection
	GlobalSection(ExtensibilityGlobals) = postSolution
		SolutionGuid = {84F7DEAD-A11D-449B-8E3B-E7BC94658403}
	EndGlobalSection
EndGlobal
